// !$*UTF8*$!
{
	archiveVersion = 1;
	classes = {
	};
	objectVersion = 55;
	objects = {

/* Begin PBXBuildFile section */
		0988B6BB275723D6004256D2 /* AppDelegate.swift in Sources */ = {isa = PBXBuildFile; fileRef = 0988B6BA275723D6004256D2 /* AppDelegate.swift */; };
		0988B6BD275723D6004256D2 /* SceneDelegate.swift in Sources */ = {isa = PBXBuildFile; fileRef = 0988B6BC275723D6004256D2 /* SceneDelegate.swift */; };
		0988B6BF275723D6004256D2 /* ViewController.swift in Sources */ = {isa = PBXBuildFile; fileRef = 0988B6BE275723D6004256D2 /* ViewController.swift */; };
		0988B6C2275723D6004256D2 /* Main.storyboard in Resources */ = {isa = PBXBuildFile; fileRef = 0988B6C0275723D6004256D2 /* Main.storyboard */; };
		0988B6C4275723D7004256D2 /* Assets.xcassets in Resources */ = {isa = PBXBuildFile; fileRef = 0988B6C3275723D7004256D2 /* Assets.xcassets */; };
		0988B6C7275723D7004256D2 /* LaunchScreen.storyboard in Resources */ = {isa = PBXBuildFile; fileRef = 0988B6C5275723D7004256D2 /* LaunchScreen.storyboard */; };
		0988B6D02757242A004256D2 /* CollectionViewCell.swift in Sources */ = {isa = PBXBuildFile; fileRef = 0988B6CE2757242A004256D2 /* CollectionViewCell.swift */; };
		0988B6D12757242A004256D2 /* CollectionViewCell.xib in Resources */ = {isa = PBXBuildFile; fileRef = 0988B6CF2757242A004256D2 /* CollectionViewCell.xib */; };
		0988B6D32757262D004256D2 /* titleFile.swift in Sources */ = {isa = PBXBuildFile; fileRef = 0988B6D22757262D004256D2 /* titleFile.swift */; };
/* End PBXBuildFile section */

/* Begin PBXFileReference section */
		0988B6B7275723D6004256D2 /* xibCellpla.app */ = {isa = PBXFileReference; explicitFileType = wrapper.application; includeInIndex = 0; path = xibCellpla.app; sourceTree = BUILT_PRODUCTS_DIR; };
		0988B6BA275723D6004256D2 /* AppDelegate.swift */ = {isa = PBXFileReference; lastKnownFileType = sourcecode.swift; path = AppDelegate.swift; sourceTree = "<group>"; };
		0988B6BC275723D6004256D2 /* SceneDelegate.swift */ = {isa = PBXFileReference; lastKnownFileType = sourcecode.swift; path = SceneDelegate.swift; sourceTree = "<group>"; };
		0988B6BE275723D6004256D2 /* ViewController.swift */ = {isa = PBXFileReference; lastKnownFileType = sourcecode.swift; path = ViewController.swift; sourceTree = "<group>"; };
		0988B6C1275723D6004256D2 /* Base */ = {isa = PBXFileReference; lastKnownFileType = file.storyboard; name = Base; path = Base.lproj/Main.storyboard; sourceTree = "<group>"; };
		0988B6C3275723D7004256D2 /* Assets.xcassets */ = {isa = PBXFileReference; lastKnownFileType = folder.assetcatalog; path = Assets.xcassets; sourceTree = "<group>"; };
		0988B6C6275723D7004256D2 /* Base */ = {isa = PBXFileReference; lastKnownFileType = file.storyboard; name = Base; path = Base.lproj/LaunchScreen.storyboard; sourceTree = "<group>"; };
		0988B6C8275723D7004256D2 /* Info.plist */ = {isa = PBXFileReference; lastKnownFileType = text.plist.xml; path = Info.plist; sourceTree = "<group>"; };
		0988B6CE2757242A004256D2 /* CollectionViewCell.swift */ = {isa = PBXFileReference; lastKnownFileType = sourcecode.swift; path = CollectionViewCell.swift; sourceTree = "<group>"; };
		0988B6CF2757242A004256D2 /* CollectionViewCell.xib */ = {isa = PBXFileReference; lastKnownFileType = file.xib; path = CollectionViewCell.xib; sourceTree = "<group>"; };
		0988B6D22757262D004256D2 /* titleFile.swift */ = {isa = PBXFileReference; lastKnownFileType = sourcecode.swift; path = titleFile.swift; sourceTree = "<group>"; };
/* End PBXFileReference section */

/* Begin PBXFrameworksBuildPhase section */
		0988B6B4275723D6004256D2 /* Frameworks */ = {
			isa = PBXFrameworksBuildPhase;
			buildActionMask = 2147483647;
			files = (
			);
			runOnlyForDeploymentPostprocessing = 0;
		};
/* End PBXFrameworksBuildPhase section */

/* Begin PBXGroup section */
		0988B6AE275723D6004256D2 = {
			isa = PBXGroup;
			children = (
				0988B6B9275723D6004256D2 /* xibCellpla */,
				0988B6B8275723D6004256D2 /* Products */,
			);
			sourceTree = "<group>";
		};
		0988B6B8275723D6004256D2 /* Products */ = {
			isa = PBXGroup;
			children = (
				0988B6B7275723D6004256D2 /* xibCellpla.app */,
			);
			name = Products;
			sourceTree = "<group>";
		};
		0988B6B9275723D6004256D2 /* xibCellpla */ = {
			isa = PBXGroup;
			children = (
				0988B6BA275723D6004256D2 /* AppDelegate.swift */,
				0988B6BC275723D6004256D2 /* SceneDelegate.swift */,
				0988B6BE275723D6004256D2 /* ViewController.swift */,
				0988B6D22757262D004256D2 /* titleFile.swift */,
				0988B6CE2757242A004256D2 /* CollectionViewCell.swift */,
				0988B6CF2757242A004256D2 /* CollectionViewCell.xib */,
				0988B6C0275723D6004256D2 /* Main.storyboard */,
				0988B6C3275723D7004256D2 /* Assets.xcassets */,
				0988B6C5275723D7004256D2 /* LaunchScreen.storyboard */,
				0988B6C8275723D7004256D2 /* Info.plist */,
			);
			path = xibCellpla;
			sourceTree = "<group>";
		};
/* End PBXGroup section */

/* Begin PBXNativeTarget section */
		0988B6B6275723D6004256D2 /* xibCellpla */ = {
			isa = PBXNativeTarget;
			buildConfigurationList = 0988B6CB275723D7004256D2 /* Build configuration list for PBXNativeTarget "xibCellpla" */;
			buildPhases = (
				0988B6B3275723D6004256D2 /* Sources */,
				0988B6B4275723D6004256D2 /* Frameworks */,
				0988B6B5275723D6004256D2 /* Resources */,
			);
			buildRules = (
			);
			dependencies = (
			);
			name = xibCellpla;
			productName = xibCellpla;
			productReference = 0988B6B7275723D6004256D2 /* xibCellpla.app */;
			productType = "com.apple.product-type.application";
		};
/* End PBXNativeTarget section */

/* Begin PBXProject section */
		0988B6AF275723D6004256D2 /* Project object */ = {
			isa = PBXProject;
			attributes = {
				BuildIndependentTargetsInParallel = 1;
				LastSwiftUpdateCheck = 1310;
				LastUpgradeCheck = 1310;
				TargetAttributes = {
					0988B6B6275723D6004256D2 = {
						CreatedOnToolsVersion = 13.1;
					};
				};
			};
			buildConfigurationList = 0988B6B2275723D6004256D2 /* Build configuration list for PBXProject "xibCellpla" */;
			compatibilityVersion = "Xcode 13.0";
			developmentRegion = en;
			hasScannedForEncodings = 0;
			knownRegions = (
				en,
				Base,
			);
			mainGroup = 0988B6AE275723D6004256D2;
			productRefGroup = 0988B6B8275723D6004256D2 /* Products */;
			projectDirPath = "";
			projectRoot = "";
			targets = (
				0988B6B6275723D6004256D2 /* xibCellpla */,
			);
		};
/* End PBXProject section */

/* Begin PBXResourcesBuildPhase section */
		0988B6B5275723D6004256D2 /* Resources */ = {
			isa = PBXResourcesBuildPhase;
			buildActionMask = 2147483647;
			files = (
				0988B6C7275723D7004256D2 /* LaunchScreen.storyboard in Resources */,
				0988B6C4275723D7004256D2 /* Assets.xcassets in Resources */,
				0988B6D12757242A004256D2 /* CollectionViewCell.xib in Resources */,
				0988B6C2275723D6004256D2 /* Main.storyboard in Resources */,
			);
			runOnlyForDeploymentPostprocessing = 0;
		};
/* End PBXResourcesBuildPhase section */

/* Begin PBXSourcesBuildPhase section */
		0988B6B3275723D6004256D2 /* Sources */ = {
			isa = PBXSourcesBuildPhase;
			buildActionMask = 2147483647;
			files = (
				0988B6D32757262D004256D2 /* titleFile.swift in Sources */,
				0988B6BF275723D6004256D2 /* ViewController.swift in Sources */,
				0988B6BB275723D6004256D2 /* AppDelegate.swift in Sources */,
				0988B6D02757242A004256D2 /* CollectionViewCell.swift in Sources */,
				0988B6BD275723D6004256D2 /* SceneDelegate.swift in Sources */,
			);
			runOnlyForDeploymentPostprocessing = 0;
		};
/* End PBXSourcesBuildPhase section */

/* Begin PBXVariantGroup section */
		0988B6C0275723D6004256D2 /* Main.storyboard */ = {
			isa = PBXVariantGroup;
			children = (
				0988B6C1275723D6004256D2 /* Base */,
			);
			name = Main.storyboard;
			sourceTree = "<group>";
		};
		0988B6C5275723D7004256D2 /* LaunchScreen.storyboard */ = {
			isa = PBXVariantGroup;
			children = (
				0988B6C6275723D7004256D2 /* Base */,
			);
			name = LaunchScreen.storyboard;
			sourceTree = "<group>";
		};
/* End PBXVariantGroup section */

/* Begin XCBuildConfiguration section */
		0988B6C9275723D7004256D2 /* Debug */ = {
			isa = XCBuildConfiguration;
			buildSettings = {
				ALWAYS_SEARCH_USER_PATHS = NO;
				CLANG_ANALYZER_NONNULL = YES;
				CLANG_ANALYZER_NUMBER_OBJECT_CONVERSION = YES_AGGRESSIVE;
				CLANG_CXX_LANGUAGE_STANDARD = "gnu++17";
				CLANG_CXX_LIBRARY = "libc++";
				CLANG_ENABLE_MODULES = YES;
				CLANG_ENABLE_OBJC_ARC = YES;
				CLANG_ENABLE_OBJC_WEAK = YES;
				CLANG_WARN_BLOCK_CAPTURE_AUTORELEASING = YES;
				CLANG_WARN_BOOL_CONVERSION = YES;
				CLANG_WARN_COMMA = YES;
				CLANG_WARN_CONSTANT_CONVERSION = YES;
				CLANG_WARN_DEPRECATED_OBJC_IMPLEMENTATIONS = YES;
				CLANG_WARN_DIRECT_OBJC_ISA_USAGE = YES_ERROR;
				CLANG_WARN_DOCUMENTATION_COMMENTS = YES;
				CLANG_WARN_EMPTY_BODY = YES;
				CLANG_WARN_ENUM_CONVERSION = YES;
				CLANG_WARN_INFINITE_RECURSION = YES;
				CLANG_WARN_INT_CONVERSION = YES;
				CLANG_WARN_NON_LITERAL_NULL_CONVERSION = YES;
				CLANG_WARN_OBJC_IMPLICIT_RETAIN_SELF = YES;
				CLANG_WARN_OBJC_LITERAL_CONVERSION = YES;
				CLANG_WARN_OBJC_ROOT_CLASS = YES_ERROR;
				CLANG_WARN_QUOTED_INCLUDE_IN_FRAMEWORK_HEADER = YES;
				CLANG_WARN_RANGE_LOOP_ANALYSIS = YES;
				CLANG_WARN_STRICT_PROTOTYPES = YES;
				CLANG_WARN_SUSPICIOUS_MOVE = YES;
				CLANG_WARN_UNGUARDED_AVAILABILITY = YES_AGGRESSIVE;
				CLANG_WARN_UNREACHABLE_CODE = YES;
				CLANG_WARN__DUPLICATE_METHOD_MATCH = YES;
				COPY_PHASE_STRIP = NO;
				DEBUG_INFORMATION_FORMAT = dwarf;
				ENABLE_STRICT_OBJC_MSGSEND = YES;
				ENABLE_TESTABILITY = YES;
				GCC_C_LANGUAGE_STANDARD = gnu11;
				GCC_DYNAMIC_NO_PIC = NO;
				GCC_NO_COMMON_BLOCKS = YES;
				GCC_OPTIMIZATION_LEVEL = 0;
				GCC_PREPROCESSOR_DEFINITIONS = (
					"DEBUG=1",
					"$(inherited)",
				);
				GCC_WARN_64_TO_32_BIT_CONVERSION = YES;
				GCC_WARN_ABOUT_RETURN_TYPE = YES_ERROR;
				GCC_WARN_UNDECLARED_SELECTOR = YES;
				GCC_WARN_UNINITIALIZED_AUTOS = YES_AGGRESSIVE;
				GCC_WARN_UNUSED_FUNCTION = YES;
				GCC_WARN_UNUSED_VARIABLE = YES;
				IPHONEOS_DEPLOYMENT_TARGET = 15.0;
				MTL_ENABLE_DEBUG_INFO = INCLUDE_SOURCE;
				MTL_FAST_MATH = YES;
				ONLY_ACTIVE_ARCH = YES;
				SDKROOT = iphoneos;
				SWIFT_ACTIVE_COMPILATION_CONDITIONS = DEBUG;
				SWIFT_OPTIMIZATION_LEVEL = "-Onone";
			};
			name = Debug;
		};
		0988B6CA275723D7004256D2 /* Release */ = {
			isa = XCBuildConfiguration;
			buildSettings = {
				ALWAYS_SEARCH_USER_PATHS = NO;
				CLANG_ANALYZER_NONNULL = YES;
				CLANG_ANALYZER_NUMBER_OBJECT_CONVERSION = YES_AGGRESSIVE;
				CLANG_CXX_LANGUAGE_STANDARD = "gnu++17";
				CLANG_CXX_LIBRARY = "libc++";
				CLANG_ENABLE_MODULES = YES;
				CLANG_ENABLE_OBJC_ARC = YES;
				CLANG_ENABLE_OBJC_WEAK = YES;
				CLANG_WARN_BLOCK_CAPTURE_AUTORELEASING = YES;
				CLANG_WARN_BOOL_CONVERSION = YES;
				CLANG_WARN_COMMA = YES;
				CLANG_WARN_CONSTANT_CONVERSION = YES;
				CLANG_WARN_DEPRECATED_OBJC_IMPLEMENTATIONS = YES;
				CLANG_WARN_DIRECT_OBJC_ISA_USAGE = YES_ERROR;
				CLANG_WARN_DOCUMENTATION_COMMENTS = YES;
				CLANG_WARN_EMPTY_BODY = YES;
				CLANG_WARN_ENUM_CONVERSION = YES;
				CLANG_WARN_INFINITE_RECURSION = YES;
				CLANG_WARN_INT_CONVERSION = YES;
				CLANG_WARN_NON_LITERAL_NULL_CONVERSION = YES;
				CLANG_WARN_OBJC_IMPLICIT_RETAIN_SELF = YES;
				CLANG_WARN_OBJC_LITERAL_CONVERSION = YES;
				CLANG_WARN_OBJC_ROOT_CLASS = YES_ERROR;
				CLANG_WARN_QUOTED_INCLUDE_IN_FRAMEWORK_HEADER = YES;
				CLANG_WARN_RANGE_LOOP_ANALYSIS = YES;
				CLANG_WARN_STRICT_PROTOTYPES = YES;
				CLANG_WARN_SUSPICIOUS_MOVE = YES;
				CLANG_WARN_UNGUARDED_AVAILABILITY = YES_AGGRESSIVE;
				CLANG_WARN_UNREACHABLE_CODE = YES;
				CLANG_WARN__DUPLICATE_METHOD_MATCH = YES;
				COPY_PHASE_STRIP = NO;
				DEBUG_INFORMATION_FORMAT = "dwarf-with-dsym";
				ENABLE_NS_ASSERTIONS = NO;
				ENABLE_STRICT_OBJC_MSGSEND = YES;
				GCC_C_LANGUAGE_STANDARD = gnu11;
				GCC_NO_COMMON_BLOCKS = YES;
				GCC_WARN_64_TO_32_BIT_CONVERSION = YES;
				GCC_WARN_ABOUT_RETURN_TYPE = YES_ERROR;
				GCC_WARN_UNDECLARED_SELECTOR = YES;
				GCC_WARN_UNINITIALIZED_AUTOS = YES_AGGRESSIVE;
				GCC_WARN_UNUSED_FUNCTION = YES;
				GCC_WARN_UNUSED_VARIABLE = YES;
				IPHONEOS_DEPLOYMENT_TARGET = 15.0;
				MTL_ENABLE_DEBUG_INFO = NO;
				MTL_FAST_MATH = YES;
				SDKROOT = iphoneos;
				SWIFT_COMPILATION_MODE = wholemodule;
				SWIFT_OPTIMIZATION_LEVEL = "-O";
				VALIDATE_PRODUCT = YES;
			};
			name = Release;
		};
		0988B6CC275723D7004256D2 /* Debug */ = {
			isa = XCBuildConfiguration;
			buildSettings = {
				ASSETCATALOG_COMPILER_APPICON_NAME = AppIcon;
				ASSETCATALOG_COMPILER_GLOBAL_ACCENT_COLOR_NAME = AccentColor;
				CODE_SIGN_STYLE = Automatic;
				CURRENT_PROJECT_VERSION = 1;
				DEVELOPMENT_TEAM = J8NG2572RV;
				GENERATE_INFOPLIST_FILE = YES;
				INFOPLIST_FILE = xibCellpla/Info.plist;
				INFOPLIST_KEY_UIApplicationSupportsIndirectInputEvents = YES;
				INFOPLIST_KEY_UILaunchStoryboardName = LaunchScreen;
				INFOPLIST_KEY_UIMainStoryboardFile = Main;
				INFOPLIST_KEY_UISupportedInterfaceOrientations_iPad = "UIInterfaceOrientationPortrait UIInterfaceOrientationPortraitUpsideDown UIInterfaceOrientationLandscapeLeft UIInterfaceOrientationLandscapeRight";
				INFOPLIST_KEY_UISupportedInterfaceOrientations_iPhone = "UIInterfaceOrientationPortrait UIInterfaceOrientationLandscapeLeft UIInterfaceOrientationLandscapeRight";
				LD_RUNPATH_SEARCH_PATHS = (
					"$(inherited)",
					"@executable_path/Frameworks",
				);
				MARKETING_VERSION = 1.0;
				PRODUCT_BUNDLE_IDENTIFIER = com.yuutarou.xibCellpla;
				PRODUCT_NAME = "$(TARGET_NAME)";
				SWIFT_EMIT_LOC_STRINGS = YES;
				SWIFT_VERSION = 5.0;
				TARGETED_DEVICE_FAMILY = "1,2";
			};
			name = Debug;
		};
		0988B6CD275723D7004256D2 /* Release */ = {
			isa = XCBuildConfiguration;
			buildSettings = {
				ASSETCATALOG_COMPILER_APPICON_NAME = AppIcon;
				ASSETCATALOG_COMPILER_GLOBAL_ACCENT_COLOR_NAME = AccentColor;
				CODE_SIGN_STYLE = Automatic;
				CURRENT_PROJECT_VERSION = 1;
				DEVELOPMENT_TEAM = J8NG2572RV;
				GENERATE_INFOPLIST_FILE = YES;
				INFOPLIST_FILE = xibCellpla/Info.plist;
				INFOPLIST_KEY_UIApplicationSupportsIndirectInputEvents = YES;
				INFOPLIST_KEY_UILaunchStoryboardName = LaunchScreen;
				INFOPLIST_KEY_UIMainStoryboardFile = Main;
				INFOPLIST_KEY_UISupportedInterfaceOrientations_iPad = "UIInterfaceOrientationPortrait UIInterfaceOrientationPortraitUpsideDown UIInterfaceOrientationLandscapeLeft UIInterfaceOrientationLandscapeRight";
				INFOPLIST_KEY_UISupportedInterfaceOrientations_iPhone = "UIInterfaceOrientationPortrait UIInterfaceOrientationLandscapeLeft UIInterfaceOrientationLandscapeRight";
				LD_RUNPATH_SEARCH_PATHS = (
					"$(inherited)",
					"@executable_path/Frameworks",
				);
				MARKETING_VERSION = 1.0;
				PRODUCT_BUNDLE_IDENTIFIER = com.yuutarou.xibCellpla;
				PRODUCT_NAME = "$(TARGET_NAME)";
				SWIFT_EMIT_LOC_STRINGS = YES;
				SWIFT_VERSION = 5.0;
				TARGETED_DEVICE_FAMILY = "1,2";
			};
			name = Release;
		};
/* End XCBuildConfiguration section */

/* Begin XCConfigurationList section */
		0988B6B2275723D6004256D2 /* Build configuration list for PBXProject "xibCellpla" */ = {
			isa = XCConfigurationList;
			buildConfigurations = (
				0988B6C9275723D7004256D2 /* Debug */,
				0988B6CA275723D7004256D2 /* Release */,
			);
			defaultConfigurationIsVisible = 0;
			defaultConfigurationName = Release;
		};
		0988B6CB275723D7004256D2 /* Build configuration list for PBXNativeTarget "xibCellpla" */ = {
			isa = XCConfigurationList;
			buildConfigurations = (
				0988B6CC275723D7004256D2 /* Debug */,
				0988B6CD275723D7004256D2 /* Release */,
			);
			defaultConfigurationIsVisible = 0;
			defaultConfigurationName = Release;
		};
/* End XCConfigurationList section */
	};
	rootObject = 0988B6AF275723D6004256D2 /* Project object */;
}
